
Microsoft Visual Studio Solution File, Format Version 12.00
# Visual Studio Version 16
VisualStudioVersion = 16.0.30204.135
MinimumVisualStudioVersion = 10.0.40219.1
Project("{9A19103F-16F7-4668-BE54-9A1E7A4F7556}") = "CertSys", "CertSys\CertSys.csproj", "{96141DEF-9FD7-4B08-9542-170EA68B5862}"
EndProject
Project("{2150E333-8FDC-42A3-9474-1A3956D46DE8}") = "1 - UI", "1 - UI", "{19ED9367-AD44-49C6-A561-471459359E4A}"
EndProject
Project("{2150E333-8FDC-42A3-9474-1A3956D46DE8}") = "2 - Domain", "2 - Domain", "{232F3316-C977-4C12-B72C-BC967367786E}"
EndProject
Project("{FAE04EC0-301F-11D3-BF4B-00C04F79EFBC}") = "CerSys.Domain", "CerSys.Domain\CerSys.Domain.csproj", "{1B6BF560-AEC6-49C0-89D0-3120E07B7735}"
EndProject
Project("{2150E333-8FDC-42A3-9474-1A3956D46DE8}") = "3 - Infrastructure", "3 - Infrastructure", "{D8A49AA8-37BE-45B7-ABC7-6E0EF28F6722}"
EndProject
Project("{2150E333-8FDC-42A3-9474-1A3956D46DE8}") = "Context", "Context", "{B759D926-48DD-4324-B390-87E5298CEC6B}"
EndProject
Project("{9A19103F-16F7-4668-BE54-9A1E7A4F7556}") = "CertSys.Data.SqlServer.Context", "CertSys.Data.SqlServer.Context\CertSys.Data.SqlServer.Context.csproj", "{472F7793-57C8-4285-A49C-CD617002D9AA}"
EndProject
Project("{2150E333-8FDC-42A3-9474-1A3956D46DE8}") = "Crosscutting", "Crosscutting", "{7DA7BFDF-C08A-445E-9CC1-0D24E317BD46}"
EndProject
Project("{FAE04EC0-301F-11D3-BF4B-00C04F79EFBC}") = "CertSys.Crosscutting.IoC", "CertSys.Crosscutting.IoC\CertSys.Crosscutting.IoC.csproj", "{1EBFCC45-D926-41ED-A85F-D4D1FEB275F7}"
EndProject
Project("{2150E333-8FDC-42A3-9474-1A3956D46DE8}") = "Repository", "Repository", "{A7945040-D9D7-41EF-B19C-8D5C97A5A767}"
EndProject
Project("{FAE04EC0-301F-11D3-BF4B-00C04F79EFBC}") = "CertSys.Data.SqlServer.Repository", "CertSys.Data.SqlServer.Repository\CertSys.Data.SqlServer.Repository.csproj", "{05D11F88-16B1-4D65-A651-1CB332936DDA}"
EndProject
Project("{2150E333-8FDC-42A3-9474-1A3956D46DE8}") = "Model", "Model", "{2E580A7A-BDBF-43A9-B62B-93C9BEF08B13}"
EndProject
Project("{FAE04EC0-301F-11D3-BF4B-00C04F79EFBC}") = "CerSys.Data.Model", "CerSys.Data.Model\CerSys.Data.Model.csproj", "{F3B64420-E5DF-4727-93A5-CB45172DC321}"
EndProject
Project("{FAE04EC0-301F-11D3-BF4B-00C04F79EFBC}") = "CertSys.Calc", "CertSys.Calc\CertSys.Calc.csproj", "{0018DFCA-F1CE-498B-A1C4-4DFB145FD478}"
EndProject
Global
	GlobalSection(SolutionConfigurationPlatforms) = preSolution
		Debug|Any CPU = Debug|Any CPU
		Release|Any CPU = Release|Any CPU
	EndGlobalSection
	GlobalSection(ProjectConfigurationPlatforms) = postSolution
		{96141DEF-9FD7-4B08-9542-170EA68B5862}.Debug|Any CPU.ActiveCfg = Debug|Any CPU
		{96141DEF-9FD7-4B08-9542-170EA68B5862}.Debug|Any CPU.Build.0 = Debug|Any CPU
		{96141DEF-9FD7-4B08-9542-170EA68B5862}.Release|Any CPU.ActiveCfg = Release|Any CPU
		{96141DEF-9FD7-4B08-9542-170EA68B5862}.Release|Any CPU.Build.0 = Release|Any CPU
		{1B6BF560-AEC6-49C0-89D0-3120E07B7735}.Debug|Any CPU.ActiveCfg = Debug|Any CPU
		{1B6BF560-AEC6-49C0-89D0-3120E07B7735}.Debug|Any CPU.Build.0 = Debug|Any CPU
		{1B6BF560-AEC6-49C0-89D0-3120E07B7735}.Release|Any CPU.ActiveCfg = Release|Any CPU
		{1B6BF560-AEC6-49C0-89D0-3120E07B7735}.Release|Any CPU.Build.0 = Release|Any CPU
		{472F7793-57C8-4285-A49C-CD617002D9AA}.Debug|Any CPU.ActiveCfg = Debug|Any CPU
		{472F7793-57C8-4285-A49C-CD617002D9AA}.Debug|Any CPU.Build.0 = Debug|Any CPU
		{472F7793-57C8-4285-A49C-CD617002D9AA}.Release|Any CPU.ActiveCfg = Release|Any CPU
		{472F7793-57C8-4285-A49C-CD617002D9AA}.Release|Any CPU.Build.0 = Release|Any CPU
		{1EBFCC45-D926-41ED-A85F-D4D1FEB275F7}.Debug|Any CPU.ActiveCfg = Debug|Any CPU
		{1EBFCC45-D926-41ED-A85F-D4D1FEB275F7}.Debug|Any CPU.Build.0 = Debug|Any CPU
		{1EBFCC45-D926-41ED-A85F-D4D1FEB275F7}.Release|Any CPU.ActiveCfg = Release|Any CPU
		{1EBFCC45-D926-41ED-A85F-D4D1FEB275F7}.Release|Any CPU.Build.0 = Release|Any CPU
		{05D11F88-16B1-4D65-A651-1CB332936DDA}.Debug|Any CPU.ActiveCfg = Debug|Any CPU
		{05D11F88-16B1-4D65-A651-1CB332936DDA}.Debug|Any CPU.Build.0 = Debug|Any CPU
		{05D11F88-16B1-4D65-A651-1CB332936DDA}.Release|Any CPU.ActiveCfg = Release|Any CPU
		{05D11F88-16B1-4D65-A651-1CB332936DDA}.Release|Any CPU.Build.0 = Release|Any CPU
		{F3B64420-E5DF-4727-93A5-CB45172DC321}.Debug|Any CPU.ActiveCfg = Debug|Any CPU
		{F3B64420-E5DF-4727-93A5-CB45172DC321}.Debug|Any CPU.Build.0 = Debug|Any CPU
		{F3B64420-E5DF-4727-93A5-CB45172DC321}.Release|Any CPU.ActiveCfg = Release|Any CPU
		{F3B64420-E5DF-4727-93A5-CB45172DC321}.Release|Any CPU.Build.0 = Release|Any CPU
		{0018DFCA-F1CE-498B-A1C4-4DFB145FD478}.Debug|Any CPU.ActiveCfg = Debug|Any CPU
		{0018DFCA-F1CE-498B-A1C4-4DFB145FD478}.Debug|Any CPU.Build.0 = Debug|Any CPU
		{0018DFCA-F1CE-498B-A1C4-4DFB145FD478}.Release|Any CPU.ActiveCfg = Release|Any CPU
		{0018DFCA-F1CE-498B-A1C4-4DFB145FD478}.Release|Any CPU.Build.0 = Release|Any CPU
	EndGlobalSection
	GlobalSection(SolutionProperties) = preSolution
		HideSolutionNode = FALSE
	EndGlobalSection
	GlobalSection(NestedProjects) = preSolution
		{96141DEF-9FD7-4B08-9542-170EA68B5862} = {19ED9367-AD44-49C6-A561-471459359E4A}
		{1B6BF560-AEC6-49C0-89D0-3120E07B7735} = {232F3316-C977-4C12-B72C-BC967367786E}
		{B759D926-48DD-4324-B390-87E5298CEC6B} = {D8A49AA8-37BE-45B7-ABC7-6E0EF28F6722}
		{472F7793-57C8-4285-A49C-CD617002D9AA} = {B759D926-48DD-4324-B390-87E5298CEC6B}
		{7DA7BFDF-C08A-445E-9CC1-0D24E317BD46} = {D8A49AA8-37BE-45B7-ABC7-6E0EF28F6722}
		{1EBFCC45-D926-41ED-A85F-D4D1FEB275F7} = {7DA7BFDF-C08A-445E-9CC1-0D24E317BD46}
		{A7945040-D9D7-41EF-B19C-8D5C97A5A767} = {D8A49AA8-37BE-45B7-ABC7-6E0EF28F6722}
		{05D11F88-16B1-4D65-A651-1CB332936DDA} = {A7945040-D9D7-41EF-B19C-8D5C97A5A767}
		{2E580A7A-BDBF-43A9-B62B-93C9BEF08B13} = {D8A49AA8-37BE-45B7-ABC7-6E0EF28F6722}
		{F3B64420-E5DF-4727-93A5-CB45172DC321} = {2E580A7A-BDBF-43A9-B62B-93C9BEF08B13}
		{0018DFCA-F1CE-498B-A1C4-4DFB145FD478} = {19ED9367-AD44-49C6-A561-471459359E4A}
	EndGlobalSection
	GlobalSection(ExtensibilityGlobals) = postSolution
		SolutionGuid = {FECBF488-03A4-4D36-A799-5DF74FB529A2}
	EndGlobalSection
EndGlobal
